
Microsoft Visual Studio Solution File, Format Version 12.00
# Visual Studio Version 17
VisualStudioVersion = 17.2.32602.215
MinimumVisualStudioVersion = 10.0.40219.1
Project("{FAE04EC0-301F-11D3-BF4B-00C04F79EFBC}") = "Moya.Model", "Moya.Model\Moya.Model.csproj", "{2D39902B-5B51-4C8B-B74A-E5E874D30379}"
EndProject
Project("{FAE04EC0-301F-11D3-BF4B-00C04F79EFBC}") = "Moya.Model.Tests", "Moya.Model.Tests\Moya.Model.Tests.csproj", "{B9E5B0B5-87A6-449C-A143-0407C61382A7}"
EndProject
Global
	GlobalSection(SolutionConfigurationPlatforms) = preSolution
		Debug|Any CPU = Debug|Any CPU
		Release|Any CPU = Release|Any CPU
	EndGlobalSection
	GlobalSection(ProjectConfigurationPlatforms) = postSolution
		{2D39902B-5B51-4C8B-B74A-E5E874D30379}.Debug|Any CPU.ActiveCfg = Debug|Any CPU
		{2D39902B-5B51-4C8B-B74A-E5E874D30379}.Debug|Any CPU.Build.0 = Debug|Any CPU
		{2D39902B-5B51-4C8B-B74A-E5E874D30379}.Release|Any CPU.ActiveCfg = Release|Any CPU
		{2D39902B-5B51-4C8B-B74A-E5E874D30379}.Release|Any CPU.Build.0 = Release|Any CPU
		{B9E5B0B5-87A6-449C-A143-0407C61382A7}.Debug|Any CPU.ActiveCfg = Debug|Any CPU
		{B9E5B0B5-87A6-449C-A143-0407C61382A7}.Debug|Any CPU.Build.0 = Debug|Any CPU
		{B9E5B0B5-87A6-449C-A143-0407C61382A7}.Release|Any CPU.ActiveCfg = Release|Any CPU
		{B9E5B0B5-87A6-449C-A143-0407C61382A7}.Release|Any CPU.Build.0 = Release|Any CPU
	EndGlobalSection
	GlobalSection(SolutionProperties) = preSolution
		HideSolutionNode = FALSE
	EndGlobalSection
EndGlobal
